
Microsoft Visual Studio Solution File, Format Version 12.00
# Visual Studio 15
VisualStudioVersion = 15.0.28307.572
MinimumVisualStudioVersion = 10.0.40219.1
Project("{FAE04EC0-301F-11D3-BF4B-00C04F79EFBC}") = "EventBusLibrary", "EventBusLibrary\EventBusLibrary.csproj", "{788BA5B2-846D-4D36-AF10-593136B06136}"
EndProject
Project("{FAE04EC0-301F-11D3-BF4B-00C04F79EFBC}") = "TestEventApp", "TestEventApp\TestEventApp.csproj", "{C0752833-BB73-4F83-9D6A-FF014F12CE92}"
EndProject
Global
	GlobalSection(SolutionConfigurationPlatforms) = preSolution
		Debug|Any CPU = Debug|Any CPU
		Release|Any CPU = Release|Any CPU
	EndGlobalSection
	GlobalSection(ProjectConfigurationPlatforms) = postSolution
		{788BA5B2-846D-4D36-AF10-593136B06136}.Debug|Any CPU.ActiveCfg = Debug|Any CPU
		{788BA5B2-846D-4D36-AF10-593136B06136}.Debug|Any CPU.Build.0 = Debug|Any CPU
		{788BA5B2-846D-4D36-AF10-593136B06136}.Release|Any CPU.ActiveCfg = Release|Any CPU
		{788BA5B2-846D-4D36-AF10-593136B06136}.Release|Any CPU.Build.0 = Release|Any CPU
		{C0752833-BB73-4F83-9D6A-FF014F12CE92}.Debug|Any CPU.ActiveCfg = Debug|Any CPU
		{C0752833-BB73-4F83-9D6A-FF014F12CE92}.Debug|Any CPU.Build.0 = Debug|Any CPU
		{C0752833-BB73-4F83-9D6A-FF014F12CE92}.Release|Any CPU.ActiveCfg = Release|Any CPU
		{C0752833-BB73-4F83-9D6A-FF014F12CE92}.Release|Any CPU.Build.0 = Release|Any CPU
	EndGlobalSection
	GlobalSection(SolutionProperties) = preSolution
		HideSolutionNode = FALSE
	EndGlobalSection
	GlobalSection(ExtensibilityGlobals) = postSolution
		SolutionGuid = {8FC9E643-397D-468F-A2E2-9F1166EEFEDB}
	EndGlobalSection
EndGlobal
